{
  "version": 4,
  "terraform_version": "1.9.0",
  "serial": 342,
  "lineage": "506bcdad-1641-ea4a-f605-e81b101f6646",
  "outputs": {
    "bastion_ext": {
      "value": "89.169.138.4",
      "type": "string"
    },
    "elastic_int": {
      "value": "192.168.253.7",
      "type": "string"
    },
    "kibana_ext": {
      "value": "89.169.159.51",
      "type": "string"
    },
    "kibana_int": {
      "value": "192.168.253.36",
      "type": "string"
    },
    "load_balancer_ip": {
      "value": "51.250.42.49",
      "type": "string"
    },
    "nginx_web_int": {
      "value": {
        "0": "192.168.253.12",
        "1": "192.168.254.12"
      },
      "type": [
        "map",
        "string"
      ]
    },
    "zabbix_ext": {
      "value": "89.169.155.91",
      "type": "string"
    },
    "zabbix_int": {
      "value": "192.168.253.19",
      "type": "string"
    }
  },
  "resources": [
    {
      "mode": "managed",
      "type": "local_file",
      "name": "hosts_cfg",
      "provider": "provider[\"registry.terraform.io/hashicorp/local\"]",
      "instances": [
        {
          "schema_version": 0,
          "attributes": {
            "content": "[nginx]\n192.168.253.12\n192.168.254.12\n\n[zabbix]\n192.168.253.19\n\n[kibana]\n192.168.253.36\n\n[elastic]\n192.168.253.7\n",
            "content_base64": null,
            "content_base64sha256": "Y/URIlSSI5CLa9lEYNZ/Jn3X+rHYcVoFvovRHoLXIow=",
            "content_base64sha512": "H9WXXRAjEPyMo3QzB5OWA2V96G3Rsi4ttFlD43SE/smpaD2TW9pSGMwERhcFGwpjsotZVGqISVHyb0hrkKTryA==",
            "content_md5": "a40020b62fff99f756ac495036b690cb",
            "content_sha1": "b8b328889ffd666270173170dc9f80e7c015d501",
            "content_sha256": "63f51122549223908b6bd94460d67f267dd7fab1d8715a05be8bd11e82d7228c",
            "content_sha512": "1fd5975d102310fc8ca3743307939603657de86dd1b22e2db45943e37484fec9a9683d935bda5218cc044617051b0a63b28b59546a884951f26f486b90a4ebc8",
            "directory_permission": "0777",
            "file_permission": "0777",
            "filename": "../ansible/hosts",
            "id": "b8b328889ffd666270173170dc9f80e7c015d501",
            "sensitive_content": null,
            "source": null
          },
          "sensitive_attributes": [
            [
              {
                "type": "get_attr",
                "value": "sensitive_content"
              }
            ]
          ],
          "dependencies": [
            "yandex_compute_instance.elastic",
            "yandex_compute_instance.kibana",
            "yandex_compute_instance.nginx",
            "yandex_compute_instance.zabbix",
            "yandex_vpc_gateway.natgateway",
            "yandex_vpc_network.web-network",
            "yandex_vpc_route_table.route_table",
            "yandex_vpc_security_group.inc_elk",
            "yandex_vpc_security_group.inc_http",
            "yandex_vpc_security_group.inc_kibana",
            "yandex_vpc_security_group.inc_ssh",
            "yandex_vpc_security_group.inc_zbxagent",
            "yandex_vpc_security_group.out_all",
            "yandex_vpc_subnet.web-sub-a",
            "yandex_vpc_subnet.web-sub-b"
          ]
        }
      ]
    },
    {
      "mode": "managed",
      "type": "null_resource",
      "name": "ansible",
      "provider": "provider[\"registry.terraform.io/hashicorp/null\"]",
      "instances": [
        {
          "schema_version": 0,
          "attributes": {
            "id": "2533181463767585599",
            "triggers": null
          },
          "sensitive_attributes": [],
          "dependencies": [
            "yandex_compute_instance.bastion",
            "yandex_vpc_gateway.natgateway",
            "yandex_vpc_network.web-network",
            "yandex_vpc_route_table.route_table",
            "yandex_vpc_security_group.inc_ssh_global",
            "yandex_vpc_security_group.out_all",
            "yandex_vpc_subnet.web-sub-a"
          ]
        }
      ]
    },
    {
      "mode": "managed",
      "type": "yandex_alb_backend_group",
      "name": "backend-group-nginx",
      "provider": "provider[\"registry.terraform.io/yandex-cloud/yandex\"]",
      "instances": [
        {
          "schema_version": 0,
          "attributes": {
            "created_at": "2024-10-01T14:51:47Z",
            "description": "",
            "folder_id": "b1gj6ia0559mol9ufg9k",
            "grpc_backend": [],
            "http_backend": [
              {
                "healthcheck": [
                  {
                    "grpc_healthcheck": [],
                    "healthcheck_port": 0,
                    "healthy_threshold": 0,
                    "http_healthcheck": [
                      {
                        "host": "",
                        "http2": false,
                        "path": "/"
                      }
                    ],
                    "interval": "10s",
                    "interval_jitter_percent": 0,
                    "stream_healthcheck": [],
                    "timeout": "10s",
                    "unhealthy_threshold": 0
                  }
                ],
                "http2": false,
                "load_balancing_config": [],
                "name": "nginx-backend",
                "port": 80,
                "storage_bucket": "",
                "target_group_ids": [
                  "ds78p0vfcodf95ve70c5"
                ],
                "tls": [],
                "weight": 1
              }
            ],
            "id": "ds7vbj37nb0d3gi8b6bo",
            "labels": null,
            "name": "backend-group-nginx",
            "session_affinity": [],
            "stream_backend": [],
            "timeouts": null
          },
          "sensitive_attributes": [],
          "private": "eyJlMmJmYjczMC1lY2FhLTExZTYtOGY4OC0zNDM2M2JjN2M0YzAiOnsiY3JlYXRlIjozMDAwMDAwMDAwMDAsImRlbGV0ZSI6MzAwMDAwMDAwMDAwLCJ1cGRhdGUiOjMwMDAwMDAwMDAwMH19",
          "dependencies": [
            "yandex_alb_target_group.nginx-targetgroup",
            "yandex_compute_instance.nginx",
            "yandex_vpc_gateway.natgateway",
            "yandex_vpc_network.web-network",
            "yandex_vpc_route_table.route_table",
            "yandex_vpc_security_group.inc_http",
            "yandex_vpc_security_group.inc_ssh",
            "yandex_vpc_security_group.inc_zbxagent",
            "yandex_vpc_security_group.out_all",
            "yandex_vpc_subnet.web-sub-a",
            "yandex_vpc_subnet.web-sub-b"
          ]
        }
      ]
    },
    {
      "mode": "managed",
      "type": "yandex_alb_http_router",
      "name": "webrouter",
      "provider": "provider[\"registry.terraform.io/yandex-cloud/yandex\"]",
      "instances": [
        {
          "schema_version": 0,
          "attributes": {
            "created_at": "2024-10-01T14:50:21Z",
            "description": "",
            "folder_id": "b1gj6ia0559mol9ufg9k",
            "id": "ds73ariqs5b9rjhkug65",
            "labels": null,
            "name": "webrouter",
            "route_options": [],
            "timeouts": null
          },
          "sensitive_attributes": [],
          "private": "eyJlMmJmYjczMC1lY2FhLTExZTYtOGY4OC0zNDM2M2JjN2M0YzAiOnsiY3JlYXRlIjozMDAwMDAwMDAwMDAsImRlbGV0ZSI6MzAwMDAwMDAwMDAwLCJ1cGRhdGUiOjMwMDAwMDAwMDAwMH19"
        }
      ]
    },
    {
      "mode": "managed",
      "type": "yandex_alb_load_balancer",
      "name": "web-lb",
      "provider": "provider[\"registry.terraform.io/yandex-cloud/yandex\"]",
      "instances": [
        {
          "schema_version": 0,
          "attributes": {
            "allocation_policy": [
              {
                "location": [
                  {
                    "disable_traffic": false,
                    "subnet_id": "e2ld6q8j6gj2lct4i1ta",
                    "zone_id": "ru-central1-b"
                  },
                  {
                    "disable_traffic": false,
                    "subnet_id": "e9b753jagmcaqj0qqo20",
                    "zone_id": "ru-central1-a"
                  }
                ]
              }
            ],
            "created_at": "2024-10-01T14:50:26Z",
            "description": "",
            "folder_id": "b1gj6ia0559mol9ufg9k",
            "id": "ds7n71nhu6q1971mj2l2",
            "labels": null,
            "listener": [
              {
                "endpoint": [
                  {
                    "address": [
                      {
                        "external_ipv4_address": [
                          {
                            "address": "51.250.42.49"
                          }
                        ],
                        "external_ipv6_address": [],
                        "internal_ipv4_address": []
                      }
                    ],
                    "ports": [
                      80
                    ]
                  }
                ],
                "http": [
                  {
                    "handler": [
                      {
                        "allow_http10": false,
                        "http2_options": [],
                        "http_router_id": "ds73ariqs5b9rjhkug65",
                        "rewrite_request_id": false
                      }
                    ],
                    "redirects": []
                  }
                ],
                "name": "web-listener",
                "stream": [],
                "tls": []
              }
            ],
            "log_group_id": "",
            "log_options": [],
            "name": "web-lb",
            "network_id": "enp9blj0up32qal0o51o",
            "region_id": "",
            "security_group_ids": null,
            "status": "active",
            "timeouts": null
          },
          "sensitive_attributes": [],
          "private": "eyJlMmJmYjczMC1lY2FhLTExZTYtOGY4OC0zNDM2M2JjN2M0YzAiOnsiY3JlYXRlIjo2MDAwMDAwMDAwMDAsImRlbGV0ZSI6NjAwMDAwMDAwMDAwLCJ1cGRhdGUiOjYwMDAwMDAwMDAwMH19",
          "dependencies": [
            "yandex_alb_http_router.webrouter",
            "yandex_vpc_gateway.natgateway",
            "yandex_vpc_network.web-network",
            "yandex_vpc_route_table.route_table",
            "yandex_vpc_subnet.web-sub-a",
            "yandex_vpc_subnet.web-sub-b"
          ]
        }
      ]
    },
    {
      "mode": "managed",
      "type": "yandex_alb_target_group",
      "name": "nginx-targetgroup",
      "provider": "provider[\"registry.terraform.io/yandex-cloud/yandex\"]",
      "instances": [
        {
          "schema_version": 0,
          "attributes": {
            "created_at": "2024-10-01T14:51:47Z",
            "description": "",
            "folder_id": "b1gj6ia0559mol9ufg9k",
            "id": "ds78p0vfcodf95ve70c5",
            "labels": null,
            "name": "nginx-targetgroup",
            "target": [
              {
                "ip_address": "192.168.253.12",
                "private_ipv4_address": false,
                "subnet_id": "e9b753jagmcaqj0qqo20"
              },
              {
                "ip_address": "192.168.254.12",
                "private_ipv4_address": false,
                "subnet_id": "e2ld6q8j6gj2lct4i1ta"
              }
            ],
            "timeouts": null
          },
          "sensitive_attributes": [],
          "private": "eyJlMmJmYjczMC1lY2FhLTExZTYtOGY4OC0zNDM2M2JjN2M0YzAiOnsiY3JlYXRlIjozMDAwMDAwMDAwMDAsImRlbGV0ZSI6MzAwMDAwMDAwMDAwLCJ1cGRhdGUiOjMwMDAwMDAwMDAwMH19",
          "dependencies": [
            "yandex_compute_instance.nginx",
            "yandex_vpc_gateway.natgateway",
            "yandex_vpc_network.web-network",
            "yandex_vpc_route_table.route_table",
            "yandex_vpc_security_group.inc_http",
            "yandex_vpc_security_group.inc_ssh",
            "yandex_vpc_security_group.inc_zbxagent",
            "yandex_vpc_security_group.out_all",
            "yandex_vpc_subnet.web-sub-a",
            "yandex_vpc_subnet.web-sub-b"
          ]
        }
      ]
    },
    {
      "mode": "managed",
      "type": "yandex_alb_virtual_host",
      "name": "nginx-virthost",
      "provider": "provider[\"registry.terraform.io/yandex-cloud/yandex\"]",
      "instances": [
        {
          "schema_version": 0,
          "attributes": {
            "authority": null,
            "http_router_id": "ds73ariqs5b9rjhkug65",
            "id": "ds73ariqs5b9rjhkug65/nginx-virthost",
            "modify_request_headers": [],
            "modify_response_headers": [],
            "name": "nginx-virthost",
            "route": [
              {
                "grpc_route": [],
                "http_route": [
                  {
                    "direct_response_action": [],
                    "http_match": [],
                    "http_route_action": [
                      {
                        "auto_host_rewrite": false,
                        "backend_group_id": "ds7vbj37nb0d3gi8b6bo",
                        "host_rewrite": "",
                        "idle_timeout": "",
                        "prefix_rewrite": "",
                        "timeout": "",
                        "upgrade_types": null
                      }
                    ],
                    "redirect_action": []
                  }
                ],
                "name": "nginx-route",
                "route_options": []
              }
            ],
            "route_options": [],
            "timeouts": null
          },
          "sensitive_attributes": [],
          "private": "eyJlMmJmYjczMC1lY2FhLTExZTYtOGY4OC0zNDM2M2JjN2M0YzAiOnsiY3JlYXRlIjozMDAwMDAwMDAwMDAsImRlbGV0ZSI6MzAwMDAwMDAwMDAwLCJ1cGRhdGUiOjMwMDAwMDAwMDAwMH19",
          "dependencies": [
            "yandex_alb_backend_group.backend-group-nginx",
            "yandex_alb_http_router.webrouter",
            "yandex_alb_target_group.nginx-targetgroup",
            "yandex_compute_instance.nginx",
            "yandex_vpc_gateway.natgateway",
            "yandex_vpc_network.web-network",
            "yandex_vpc_route_table.route_table",
            "yandex_vpc_security_group.inc_http",
            "yandex_vpc_security_group.inc_ssh",
            "yandex_vpc_security_group.inc_zbxagent",
            "yandex_vpc_security_group.out_all",
            "yandex_vpc_subnet.web-sub-a",
            "yandex_vpc_subnet.web-sub-b"
          ]
        }
      ]
    },
    {
      "mode": "managed",
      "type": "yandex_compute_instance",
      "name": "bastion",
      "provider": "provider[\"registry.terraform.io/yandex-cloud/yandex\"]",
      "instances": [
        {
          "schema_version": 1,
          "attributes": {
            "allow_recreate": null,
            "allow_stopping_for_update": null,
            "boot_disk": [
              {
                "auto_delete": true,
                "device_name": "fhmg8hcoalcncgtnu31c",
                "disk_id": "fhmg8hcoalcncgtnu31c",
                "initialize_params": [
                  {
                    "block_size": 4096,
                    "description": "",
                    "image_id": "fd833v6c5tb0udvk4jo6",
                    "name": "",
                    "size": 10,
                    "snapshot_id": "",
                    "type": "network-hdd"
                  }
                ],
                "mode": "READ_WRITE"
              }
            ],
            "created_at": "2024-10-01T14:50:34Z",
            "description": "",
            "filesystem": [],
            "folder_id": "b1gj6ia0559mol9ufg9k",
            "fqdn": "fhmbvadfvd9uhgnefhu6.auto.internal",
            "gpu_cluster_id": "",
            "hostname": "",
            "id": "fhmbvadfvd9uhgnefhu6",
            "labels": null,
            "local_disk": [],
            "maintenance_grace_period": "",
            "maintenance_policy": null,
            "metadata": {
              "user-data": "#cloud-config\n\nusers:\n  - name: seregin\n    shell: /bin/bash\n    sudo: ALL=(ALL) NOPASSWD:ALL\n    ssh-authorized-keys:\n      - ssh-rsa AAAAB3NzaC1yc2EAAAADAQABAAABgQDlLc9tAx9tK7/MK+4I0n7a535xrIX+GT/DRwJpxEmojEmgZXwHtLJtBQTAFjV70ZwDfB9amWHZiWyigP9UP5o5YntsNhm3wXCRS/AbLbgt1foxGpGXsDqnPb0+LyFzxMl2WlKHxH84bZ0GMFp7/TKgacxZlEMz1QFuLyU4QIW8PyyFGdblHbnXz7Dp+PgEd6nRlnjNH/hP+o+0wGOhgDwUTS0gAlJOMxSJglD7ixBwuZURYlE1sgBF7lnJQfHTwVh+huJFaZDCGwA2NG2PUWbECG85joUsqpa4ofunxiHkyp23TQJMVxGAne+42FnzwWuYDJFAlEW5gdBXn+RYj1qLoqKLnIAPQ6ZvCdt3+cjgKje3x4k6vLSSeaBPQp1aShdoD9vRQ/TlGw2ebN0H/EFlPEasg5PGMqVehfGoJGRu/RN5MLjnT8XKM3wc7Kkft+d8EzRJtsYCPn53N6Bt0gsHvszKHueI8PKF+5bC8NXYHtStDLlIWEbbORPAuK/2Z70= seregin@msk-s3-arm076\n"
            },
            "metadata_options": [
              {
                "aws_v1_http_endpoint": 1,
                "aws_v1_http_token": 2,
                "gce_http_endpoint": 1,
                "gce_http_token": 1
              }
            ],
            "name": "bastion",
            "network_acceleration_type": "standard",
            "network_interface": [
              {
                "dns_record": [],
                "index": 0,
                "ip_address": "192.168.253.16",
                "ipv4": true,
                "ipv6": false,
                "ipv6_address": "",
                "ipv6_dns_record": [],
                "mac_address": "d0:0d:bf:a9:af:fb",
                "nat": true,
                "nat_dns_record": [],
                "nat_ip_address": "89.169.138.4",
                "nat_ip_version": "IPV4",
                "security_group_ids": [
                  "enp9kc4mi60nijj00n2p",
                  "enpg6enlhcqe6ag8n9qi"
                ],
                "subnet_id": "e9b753jagmcaqj0qqo20"
              }
            ],
            "placement_policy": [
              {
                "host_affinity_rules": [],
                "placement_group_id": "",
                "placement_group_partition": 0
              }
            ],
            "platform_id": "standard-v1",
            "resources": [
              {
                "core_fraction": 5,
                "cores": 2,
                "gpus": 0,
                "memory": 1
              }
            ],
            "scheduling_policy": [
              {
                "preemptible": true
              }
            ],
            "secondary_disk": [],
            "service_account_id": "",
            "status": "running",
            "timeouts": null,
            "zone": "ru-central1-a"
          },
          "sensitive_attributes": [],
          "private": "eyJlMmJmYjczMC1lY2FhLTExZTYtOGY4OC0zNDM2M2JjN2M0YzAiOnsiY3JlYXRlIjozMDAwMDAwMDAwMDAsImRlbGV0ZSI6MzAwMDAwMDAwMDAwLCJ1cGRhdGUiOjMwMDAwMDAwMDAwMH0sInNjaGVtYV92ZXJzaW9uIjoiMSJ9",
          "dependencies": [
            "yandex_vpc_gateway.natgateway",
            "yandex_vpc_network.web-network",
            "yandex_vpc_route_table.route_table",
            "yandex_vpc_security_group.inc_ssh_global",
            "yandex_vpc_security_group.out_all",
            "yandex_vpc_subnet.web-sub-a"
          ]
        }
      ]
    },
    {
      "mode": "managed",
      "type": "yandex_compute_instance",
      "name": "elastic",
      "provider": "provider[\"registry.terraform.io/yandex-cloud/yandex\"]",
      "instances": [
        {
          "schema_version": 1,
          "attributes": {
            "allow_recreate": null,
            "allow_stopping_for_update": null,
            "boot_disk": [
              {
                "auto_delete": true,
                "device_name": "fhmrtkpjm8o39uj0a0sa",
                "disk_id": "fhmrtkpjm8o39uj0a0sa",
                "initialize_params": [
                  {
                    "block_size": 4096,
                    "description": "",
                    "image_id": "fd833v6c5tb0udvk4jo6",
                    "name": "",
                    "size": 10,
                    "snapshot_id": "",
                    "type": "network-hdd"
                  }
                ],
                "mode": "READ_WRITE"
              }
            ],
            "created_at": "2024-10-01T14:50:38Z",
            "description": "",
            "filesystem": [],
            "folder_id": "b1gj6ia0559mol9ufg9k",
            "fqdn": "fhm3ch2eoqmbvbbkt8nh.auto.internal",
            "gpu_cluster_id": "",
            "hostname": "",
            "id": "fhm3ch2eoqmbvbbkt8nh",
            "labels": null,
            "local_disk": [],
            "maintenance_grace_period": "",
            "maintenance_policy": null,
            "metadata": {
              "user-data": "#cloud-config\n\nusers:\n  - name: seregin\n    shell: /bin/bash\n    sudo: ALL=(ALL) NOPASSWD:ALL\n    ssh-authorized-keys:\n      - ssh-rsa AAAAB3NzaC1yc2EAAAADAQABAAABgQDlLc9tAx9tK7/MK+4I0n7a535xrIX+GT/DRwJpxEmojEmgZXwHtLJtBQTAFjV70ZwDfB9amWHZiWyigP9UP5o5YntsNhm3wXCRS/AbLbgt1foxGpGXsDqnPb0+LyFzxMl2WlKHxH84bZ0GMFp7/TKgacxZlEMz1QFuLyU4QIW8PyyFGdblHbnXz7Dp+PgEd6nRlnjNH/hP+o+0wGOhgDwUTS0gAlJOMxSJglD7ixBwuZURYlE1sgBF7lnJQfHTwVh+huJFaZDCGwA2NG2PUWbECG85joUsqpa4ofunxiHkyp23TQJMVxGAne+42FnzwWuYDJFAlEW5gdBXn+RYj1qLoqKLnIAPQ6ZvCdt3+cjgKje3x4k6vLSSeaBPQp1aShdoD9vRQ/TlGw2ebN0H/EFlPEasg5PGMqVehfGoJGRu/RN5MLjnT8XKM3wc7Kkft+d8EzRJtsYCPn53N6Bt0gsHvszKHueI8PKF+5bC8NXYHtStDLlIWEbbORPAuK/2Z70= seregin@msk-s3-arm076\n"
            },
            "metadata_options": [
              {
                "aws_v1_http_endpoint": 1,
                "aws_v1_http_token": 2,
                "gce_http_endpoint": 1,
                "gce_http_token": 1
              }
            ],
            "name": "elastic",
            "network_acceleration_type": "standard",
            "network_interface": [
              {
                "dns_record": [],
                "index": 0,
                "ip_address": "192.168.253.7",
                "ipv4": true,
                "ipv6": false,
                "ipv6_address": "",
                "ipv6_dns_record": [],
                "mac_address": "d0:0d:36:44:4e:c6",
                "nat": false,
                "nat_dns_record": [],
                "nat_ip_address": "",
                "nat_ip_version": "",
                "security_group_ids": [
                  "enpaijss8if2nq92tu0s",
                  "enpg6enlhcqe6ag8n9qi",
                  "enpjd4u6p1ofue7nqv1n",
                  "enpt3e6pd28l50ad9jtl"
                ],
                "subnet_id": "e9b753jagmcaqj0qqo20"
              }
            ],
            "placement_policy": [
              {
                "host_affinity_rules": [],
                "placement_group_id": "",
                "placement_group_partition": 0
              }
            ],
            "platform_id": "standard-v1",
            "resources": [
              {
                "core_fraction": 5,
                "cores": 2,
                "gpus": 0,
                "memory": 2
              }
            ],
            "scheduling_policy": [
              {
                "preemptible": true
              }
            ],
            "secondary_disk": [],
            "service_account_id": "",
            "status": "running",
            "timeouts": null,
            "zone": "ru-central1-a"
          },
          "sensitive_attributes": [],
          "private": "eyJlMmJmYjczMC1lY2FhLTExZTYtOGY4OC0zNDM2M2JjN2M0YzAiOnsiY3JlYXRlIjozMDAwMDAwMDAwMDAsImRlbGV0ZSI6MzAwMDAwMDAwMDAwLCJ1cGRhdGUiOjMwMDAwMDAwMDAwMH0sInNjaGVtYV92ZXJzaW9uIjoiMSJ9",
          "dependencies": [
            "yandex_vpc_gateway.natgateway",
            "yandex_vpc_network.web-network",
            "yandex_vpc_route_table.route_table",
            "yandex_vpc_security_group.inc_elk",
            "yandex_vpc_security_group.inc_ssh",
            "yandex_vpc_security_group.inc_zbxagent",
            "yandex_vpc_security_group.out_all",
            "yandex_vpc_subnet.web-sub-a"
          ]
        }
      ]
    },
    {
      "mode": "managed",
      "type": "yandex_compute_instance",
      "name": "kibana",
      "provider": "provider[\"registry.terraform.io/yandex-cloud/yandex\"]",
      "instances": [
        {
          "schema_version": 1,
          "attributes": {
            "allow_recreate": null,
            "allow_stopping_for_update": null,
            "boot_disk": [
              {
                "auto_delete": true,
                "device_name": "fhmhbndb9l575bdihdiq",
                "disk_id": "fhmhbndb9l575bdihdiq",
                "initialize_params": [
                  {
                    "block_size": 4096,
                    "description": "",
                    "image_id": "fd833v6c5tb0udvk4jo6",
                    "name": "",
                    "size": 10,
                    "snapshot_id": "",
                    "type": "network-hdd"
                  }
                ],
                "mode": "READ_WRITE"
              }
            ],
            "created_at": "2024-10-01T14:50:32Z",
            "description": "",
            "filesystem": [],
            "folder_id": "b1gj6ia0559mol9ufg9k",
            "fqdn": "fhma4a8p6oshimgr4ehm.auto.internal",
            "gpu_cluster_id": "",
            "hostname": "",
            "id": "fhma4a8p6oshimgr4ehm",
            "labels": null,
            "local_disk": [],
            "maintenance_grace_period": "",
            "maintenance_policy": null,
            "metadata": {
              "user-data": "#cloud-config\n\nusers:\n  - name: seregin\n    shell: /bin/bash\n    sudo: ALL=(ALL) NOPASSWD:ALL\n    ssh-authorized-keys:\n      - ssh-rsa AAAAB3NzaC1yc2EAAAADAQABAAABgQDlLc9tAx9tK7/MK+4I0n7a535xrIX+GT/DRwJpxEmojEmgZXwHtLJtBQTAFjV70ZwDfB9amWHZiWyigP9UP5o5YntsNhm3wXCRS/AbLbgt1foxGpGXsDqnPb0+LyFzxMl2WlKHxH84bZ0GMFp7/TKgacxZlEMz1QFuLyU4QIW8PyyFGdblHbnXz7Dp+PgEd6nRlnjNH/hP+o+0wGOhgDwUTS0gAlJOMxSJglD7ixBwuZURYlE1sgBF7lnJQfHTwVh+huJFaZDCGwA2NG2PUWbECG85joUsqpa4ofunxiHkyp23TQJMVxGAne+42FnzwWuYDJFAlEW5gdBXn+RYj1qLoqKLnIAPQ6ZvCdt3+cjgKje3x4k6vLSSeaBPQp1aShdoD9vRQ/TlGw2ebN0H/EFlPEasg5PGMqVehfGoJGRu/RN5MLjnT8XKM3wc7Kkft+d8EzRJtsYCPn53N6Bt0gsHvszKHueI8PKF+5bC8NXYHtStDLlIWEbbORPAuK/2Z70= seregin@msk-s3-arm076\n"
            },
            "metadata_options": [
              {
                "aws_v1_http_endpoint": 1,
                "aws_v1_http_token": 2,
                "gce_http_endpoint": 1,
                "gce_http_token": 1
              }
            ],
            "name": "kibana",
            "network_acceleration_type": "standard",
            "network_interface": [
              {
                "dns_record": [],
                "index": 0,
                "ip_address": "192.168.253.36",
                "ipv4": true,
                "ipv6": false,
                "ipv6_address": "",
                "ipv6_dns_record": [],
                "mac_address": "d0:0d:a2:29:19:36",
                "nat": true,
                "nat_dns_record": [],
                "nat_ip_address": "89.169.159.51",
                "nat_ip_version": "IPV4",
                "security_group_ids": [
                  "enp14g34g9entsf85mbt",
                  "enpg6enlhcqe6ag8n9qi",
                  "enpjd4u6p1ofue7nqv1n",
                  "enpt3e6pd28l50ad9jtl"
                ],
                "subnet_id": "e9b753jagmcaqj0qqo20"
              }
            ],
            "placement_policy": [
              {
                "host_affinity_rules": [],
                "placement_group_id": "",
                "placement_group_partition": 0
              }
            ],
            "platform_id": "standard-v1",
            "resources": [
              {
                "core_fraction": 5,
                "cores": 2,
                "gpus": 0,
                "memory": 1
              }
            ],
            "scheduling_policy": [
              {
                "preemptible": true
              }
            ],
            "secondary_disk": [],
            "service_account_id": "",
            "status": "running",
            "timeouts": null,
            "zone": "ru-central1-a"
          },
          "sensitive_attributes": [],
          "private": "eyJlMmJmYjczMC1lY2FhLTExZTYtOGY4OC0zNDM2M2JjN2M0YzAiOnsiY3JlYXRlIjozMDAwMDAwMDAwMDAsImRlbGV0ZSI6MzAwMDAwMDAwMDAwLCJ1cGRhdGUiOjMwMDAwMDAwMDAwMH0sInNjaGVtYV92ZXJzaW9uIjoiMSJ9",
          "dependencies": [
            "yandex_vpc_gateway.natgateway",
            "yandex_vpc_network.web-network",
            "yandex_vpc_route_table.route_table",
            "yandex_vpc_security_group.inc_kibana",
            "yandex_vpc_security_group.inc_ssh",
            "yandex_vpc_security_group.inc_zbxagent",
            "yandex_vpc_security_group.out_all",
            "yandex_vpc_subnet.web-sub-a"
          ]
        }
      ]
    },
    {
      "mode": "managed",
      "type": "yandex_compute_instance",
      "name": "nginx",
      "provider": "provider[\"registry.terraform.io/yandex-cloud/yandex\"]",
      "instances": [
        {
          "index_key": 0,
          "schema_version": 1,
          "attributes": {
            "allow_recreate": null,
            "allow_stopping_for_update": null,
            "boot_disk": [
              {
                "auto_delete": true,
                "device_name": "fhmclmgankr2uk9l8hjo",
                "disk_id": "fhmclmgankr2uk9l8hjo",
                "initialize_params": [
                  {
                    "block_size": 4096,
                    "description": "",
                    "image_id": "fd833v6c5tb0udvk4jo6",
                    "name": "",
                    "size": 10,
                    "snapshot_id": "",
                    "type": "network-hdd"
                  }
                ],
                "mode": "READ_WRITE"
              }
            ],
            "created_at": "2024-10-01T14:50:32Z",
            "description": "",
            "filesystem": [],
            "folder_id": "b1gj6ia0559mol9ufg9k",
            "fqdn": "fhmr8svn0t08tip6l5c5.auto.internal",
            "gpu_cluster_id": "",
            "hostname": "",
            "id": "fhmr8svn0t08tip6l5c5",
            "labels": null,
            "local_disk": [],
            "maintenance_grace_period": "",
            "maintenance_policy": null,
            "metadata": {
              "user-data": "#cloud-config\n\nusers:\n  - name: seregin\n    shell: /bin/bash\n    sudo: ALL=(ALL) NOPASSWD:ALL\n    ssh-authorized-keys:\n      - ssh-rsa AAAAB3NzaC1yc2EAAAADAQABAAABgQDlLc9tAx9tK7/MK+4I0n7a535xrIX+GT/DRwJpxEmojEmgZXwHtLJtBQTAFjV70ZwDfB9amWHZiWyigP9UP5o5YntsNhm3wXCRS/AbLbgt1foxGpGXsDqnPb0+LyFzxMl2WlKHxH84bZ0GMFp7/TKgacxZlEMz1QFuLyU4QIW8PyyFGdblHbnXz7Dp+PgEd6nRlnjNH/hP+o+0wGOhgDwUTS0gAlJOMxSJglD7ixBwuZURYlE1sgBF7lnJQfHTwVh+huJFaZDCGwA2NG2PUWbECG85joUsqpa4ofunxiHkyp23TQJMVxGAne+42FnzwWuYDJFAlEW5gdBXn+RYj1qLoqKLnIAPQ6ZvCdt3+cjgKje3x4k6vLSSeaBPQp1aShdoD9vRQ/TlGw2ebN0H/EFlPEasg5PGMqVehfGoJGRu/RN5MLjnT8XKM3wc7Kkft+d8EzRJtsYCPn53N6Bt0gsHvszKHueI8PKF+5bC8NXYHtStDLlIWEbbORPAuK/2Z70= seregin@msk-s3-arm076\n"
            },
            "metadata_options": [
              {
                "aws_v1_http_endpoint": 1,
                "aws_v1_http_token": 2,
                "gce_http_endpoint": 1,
                "gce_http_token": 1
              }
            ],
            "name": "nginx1",
            "network_acceleration_type": "standard",
            "network_interface": [
              {
                "dns_record": [],
                "index": 0,
                "ip_address": "192.168.253.12",
                "ipv4": true,
                "ipv6": false,
                "ipv6_address": "",
                "ipv6_dns_record": [],
                "mac_address": "d0:0d:1b:47:3f:70",
                "nat": false,
                "nat_dns_record": [],
                "nat_ip_address": "",
                "nat_ip_version": "",
                "security_group_ids": [
                  "enpg6enlhcqe6ag8n9qi",
                  "enpjd4u6p1ofue7nqv1n",
                  "enpoec7b51ltaq3j16c6",
                  "enpt3e6pd28l50ad9jtl"
                ],
                "subnet_id": "e9b753jagmcaqj0qqo20"
              }
            ],
            "placement_policy": [
              {
                "host_affinity_rules": [],
                "placement_group_id": "",
                "placement_group_partition": 0
              }
            ],
            "platform_id": "standard-v1",
            "resources": [
              {
                "core_fraction": 5,
                "cores": 2,
                "gpus": 0,
                "memory": 1
              }
            ],
            "scheduling_policy": [
              {
                "preemptible": true
              }
            ],
            "secondary_disk": [],
            "service_account_id": "",
            "status": "running",
            "timeouts": null,
            "zone": "ru-central1-a"
          },
          "sensitive_attributes": [],
          "private": "eyJlMmJmYjczMC1lY2FhLTExZTYtOGY4OC0zNDM2M2JjN2M0YzAiOnsiY3JlYXRlIjozMDAwMDAwMDAwMDAsImRlbGV0ZSI6MzAwMDAwMDAwMDAwLCJ1cGRhdGUiOjMwMDAwMDAwMDAwMH0sInNjaGVtYV92ZXJzaW9uIjoiMSJ9",
          "dependencies": [
            "yandex_vpc_gateway.natgateway",
            "yandex_vpc_network.web-network",
            "yandex_vpc_route_table.route_table",
            "yandex_vpc_security_group.inc_http",
            "yandex_vpc_security_group.inc_ssh",
            "yandex_vpc_security_group.inc_zbxagent",
            "yandex_vpc_security_group.out_all",
            "yandex_vpc_subnet.web-sub-a",
            "yandex_vpc_subnet.web-sub-b"
          ]
        },
        {
          "index_key": 1,
          "schema_version": 1,
          "attributes": {
            "allow_recreate": null,
            "allow_stopping_for_update": null,
            "boot_disk": [
              {
                "auto_delete": true,
                "device_name": "epdnejsdblp1m2486mvv",
                "disk_id": "epdnejsdblp1m2486mvv",
                "initialize_params": [
                  {
                    "block_size": 4096,
                    "description": "",
                    "image_id": "fd833v6c5tb0udvk4jo6",
                    "name": "",
                    "size": 10,
                    "snapshot_id": "",
                    "type": "network-hdd"
                  }
                ],
                "mode": "READ_WRITE"
              }
            ],
            "created_at": "2024-10-01T14:50:32Z",
            "description": "",
            "filesystem": [],
            "folder_id": "b1gj6ia0559mol9ufg9k",
            "fqdn": "epdm4d3b5n51jtn247pn.auto.internal",
            "gpu_cluster_id": "",
            "hostname": "",
            "id": "epdm4d3b5n51jtn247pn",
            "labels": null,
            "local_disk": [],
            "maintenance_grace_period": "",
            "maintenance_policy": null,
            "metadata": {
              "user-data": "#cloud-config\n\nusers:\n  - name: seregin\n    shell: /bin/bash\n    sudo: ALL=(ALL) NOPASSWD:ALL\n    ssh-authorized-keys:\n      - ssh-rsa AAAAB3NzaC1yc2EAAAADAQABAAABgQDlLc9tAx9tK7/MK+4I0n7a535xrIX+GT/DRwJpxEmojEmgZXwHtLJtBQTAFjV70ZwDfB9amWHZiWyigP9UP5o5YntsNhm3wXCRS/AbLbgt1foxGpGXsDqnPb0+LyFzxMl2WlKHxH84bZ0GMFp7/TKgacxZlEMz1QFuLyU4QIW8PyyFGdblHbnXz7Dp+PgEd6nRlnjNH/hP+o+0wGOhgDwUTS0gAlJOMxSJglD7ixBwuZURYlE1sgBF7lnJQfHTwVh+huJFaZDCGwA2NG2PUWbECG85joUsqpa4ofunxiHkyp23TQJMVxGAne+42FnzwWuYDJFAlEW5gdBXn+RYj1qLoqKLnIAPQ6ZvCdt3+cjgKje3x4k6vLSSeaBPQp1aShdoD9vRQ/TlGw2ebN0H/EFlPEasg5PGMqVehfGoJGRu/RN5MLjnT8XKM3wc7Kkft+d8EzRJtsYCPn53N6Bt0gsHvszKHueI8PKF+5bC8NXYHtStDLlIWEbbORPAuK/2Z70= seregin@msk-s3-arm076\n"
            },
            "metadata_options": [
              {
                "aws_v1_http_endpoint": 1,
                "aws_v1_http_token": 2,
                "gce_http_endpoint": 1,
                "gce_http_token": 1
              }
            ],
            "name": "nginx2",
            "network_acceleration_type": "standard",
            "network_interface": [
              {
                "dns_record": [],
                "index": 0,
                "ip_address": "192.168.254.12",
                "ipv4": true,
                "ipv6": false,
                "ipv6_address": "",
                "ipv6_dns_record": [],
                "mac_address": "d0:0d:16:23:46:b2",
                "nat": false,
                "nat_dns_record": [],
                "nat_ip_address": "",
                "nat_ip_version": "",
                "security_group_ids": [
                  "enpg6enlhcqe6ag8n9qi",
                  "enpjd4u6p1ofue7nqv1n",
                  "enpoec7b51ltaq3j16c6",
                  "enpt3e6pd28l50ad9jtl"
                ],
                "subnet_id": "e2ld6q8j6gj2lct4i1ta"
              }
            ],
            "placement_policy": [
              {
                "host_affinity_rules": [],
                "placement_group_id": "",
                "placement_group_partition": 0
              }
            ],
            "platform_id": "standard-v1",
            "resources": [
              {
                "core_fraction": 5,
                "cores": 2,
                "gpus": 0,
                "memory": 1
              }
            ],
            "scheduling_policy": [
              {
                "preemptible": true
              }
            ],
            "secondary_disk": [],
            "service_account_id": "",
            "status": "running",
            "timeouts": null,
            "zone": "ru-central1-b"
          },
          "sensitive_attributes": [],
          "private": "eyJlMmJmYjczMC1lY2FhLTExZTYtOGY4OC0zNDM2M2JjN2M0YzAiOnsiY3JlYXRlIjozMDAwMDAwMDAwMDAsImRlbGV0ZSI6MzAwMDAwMDAwMDAwLCJ1cGRhdGUiOjMwMDAwMDAwMDAwMH0sInNjaGVtYV92ZXJzaW9uIjoiMSJ9",
          "dependencies": [
            "yandex_vpc_gateway.natgateway",
            "yandex_vpc_network.web-network",
            "yandex_vpc_route_table.route_table",
            "yandex_vpc_security_group.inc_http",
            "yandex_vpc_security_group.inc_ssh",
            "yandex_vpc_security_group.inc_zbxagent",
            "yandex_vpc_security_group.out_all",
            "yandex_vpc_subnet.web-sub-a",
            "yandex_vpc_subnet.web-sub-b"
          ]
        }
      ]
    },
    {
      "mode": "managed",
      "type": "yandex_compute_instance",
      "name": "zabbix",
      "provider": "provider[\"registry.terraform.io/yandex-cloud/yandex\"]",
      "instances": [
        {
          "schema_version": 1,
          "attributes": {
            "allow_recreate": null,
            "allow_stopping_for_update": null,
            "boot_disk": [
              {
                "auto_delete": true,
                "device_name": "fhm20kca8vl8rjglu8lu",
                "disk_id": "fhm20kca8vl8rjglu8lu",
                "initialize_params": [
                  {
                    "block_size": 4096,
                    "description": "",
                    "image_id": "fd833v6c5tb0udvk4jo6",
                    "name": "",
                    "size": 10,
                    "snapshot_id": "",
                    "type": "network-hdd"
                  }
                ],
                "mode": "READ_WRITE"
              }
            ],
            "created_at": "2024-10-01T14:50:32Z",
            "description": "",
            "filesystem": [],
            "folder_id": "b1gj6ia0559mol9ufg9k",
            "fqdn": "fhmcdlfajejuo2uu79lm.auto.internal",
            "gpu_cluster_id": "",
            "hostname": "",
            "id": "fhmcdlfajejuo2uu79lm",
            "labels": null,
            "local_disk": [],
            "maintenance_grace_period": "",
            "maintenance_policy": null,
            "metadata": {
              "user-data": "#cloud-config\n\nusers:\n  - name: seregin\n    shell: /bin/bash\n    sudo: ALL=(ALL) NOPASSWD:ALL\n    ssh-authorized-keys:\n      - ssh-rsa AAAAB3NzaC1yc2EAAAADAQABAAABgQDlLc9tAx9tK7/MK+4I0n7a535xrIX+GT/DRwJpxEmojEmgZXwHtLJtBQTAFjV70ZwDfB9amWHZiWyigP9UP5o5YntsNhm3wXCRS/AbLbgt1foxGpGXsDqnPb0+LyFzxMl2WlKHxH84bZ0GMFp7/TKgacxZlEMz1QFuLyU4QIW8PyyFGdblHbnXz7Dp+PgEd6nRlnjNH/hP+o+0wGOhgDwUTS0gAlJOMxSJglD7ixBwuZURYlE1sgBF7lnJQfHTwVh+huJFaZDCGwA2NG2PUWbECG85joUsqpa4ofunxiHkyp23TQJMVxGAne+42FnzwWuYDJFAlEW5gdBXn+RYj1qLoqKLnIAPQ6ZvCdt3+cjgKje3x4k6vLSSeaBPQp1aShdoD9vRQ/TlGw2ebN0H/EFlPEasg5PGMqVehfGoJGRu/RN5MLjnT8XKM3wc7Kkft+d8EzRJtsYCPn53N6Bt0gsHvszKHueI8PKF+5bC8NXYHtStDLlIWEbbORPAuK/2Z70= seregin@msk-s3-arm076\n"
            },
            "metadata_options": [
              {
                "aws_v1_http_endpoint": 1,
                "aws_v1_http_token": 2,
                "gce_http_endpoint": 1,
                "gce_http_token": 1
              }
            ],
            "name": "zabbix",
            "network_acceleration_type": "standard",
            "network_interface": [
              {
                "dns_record": [],
                "index": 0,
                "ip_address": "192.168.253.19",
                "ipv4": true,
                "ipv6": false,
                "ipv6_address": "",
                "ipv6_dns_record": [],
                "mac_address": "d0:0d:c6:d5:ea:9b",
                "nat": true,
                "nat_dns_record": [],
                "nat_ip_address": "89.169.155.91",
                "nat_ip_version": "IPV4",
                "security_group_ids": [
                  "enpg6enlhcqe6ag8n9qi",
                  "enpjd4u6p1ofue7nqv1n",
                  "enpoec7b51ltaq3j16c6"
                ],
                "subnet_id": "e9b753jagmcaqj0qqo20"
              }
            ],
            "placement_policy": [
              {
                "host_affinity_rules": [],
                "placement_group_id": "",
                "placement_group_partition": 0
              }
            ],
            "platform_id": "standard-v1",
            "resources": [
              {
                "core_fraction": 5,
                "cores": 2,
                "gpus": 0,
                "memory": 2
              }
            ],
            "scheduling_policy": [
              {
                "preemptible": true
              }
            ],
            "secondary_disk": [],
            "service_account_id": "",
            "status": "running",
            "timeouts": null,
            "zone": "ru-central1-a"
          },
          "sensitive_attributes": [],
          "private": "eyJlMmJmYjczMC1lY2FhLTExZTYtOGY4OC0zNDM2M2JjN2M0YzAiOnsiY3JlYXRlIjozMDAwMDAwMDAwMDAsImRlbGV0ZSI6MzAwMDAwMDAwMDAwLCJ1cGRhdGUiOjMwMDAwMDAwMDAwMH0sInNjaGVtYV92ZXJzaW9uIjoiMSJ9",
          "dependencies": [
            "yandex_vpc_gateway.natgateway",
            "yandex_vpc_network.web-network",
            "yandex_vpc_route_table.route_table",
            "yandex_vpc_security_group.inc_http",
            "yandex_vpc_security_group.inc_ssh",
            "yandex_vpc_security_group.out_all",
            "yandex_vpc_subnet.web-sub-a"
          ]
        }
      ]
    },
    {
      "mode": "managed",
      "type": "yandex_vpc_gateway",
      "name": "natgateway",
      "provider": "provider[\"registry.terraform.io/yandex-cloud/yandex\"]",
      "instances": [
        {
          "schema_version": 0,
          "attributes": {
            "created_at": "2024-10-01T14:50:21Z",
            "description": "",
            "folder_id": "b1gj6ia0559mol9ufg9k",
            "id": "enpkq1re6a3ljves6jjg",
            "labels": {},
            "name": "natgateway",
            "shared_egress_gateway": [
              {}
            ],
            "timeouts": null
          },
          "sensitive_attributes": [],
          "private": "eyJlMmJmYjczMC1lY2FhLTExZTYtOGY4OC0zNDM2M2JjN2M0YzAiOnsiY3JlYXRlIjo2MDAwMDAwMDAwMCwiZGVsZXRlIjo2MDAwMDAwMDAwMCwidXBkYXRlIjo2MDAwMDAwMDAwMH19"
        }
      ]
    },
    {
      "mode": "managed",
      "type": "yandex_vpc_network",
      "name": "web-network",
      "provider": "provider[\"registry.terraform.io/yandex-cloud/yandex\"]",
      "instances": [
        {
          "schema_version": 0,
          "attributes": {
            "created_at": "2024-10-01T14:50:21Z",
            "default_security_group_id": "enp9ugu5rkrp820kj7qd",
            "description": "",
            "folder_id": "b1gj6ia0559mol9ufg9k",
            "id": "enp9blj0up32qal0o51o",
            "labels": {},
            "name": "web-network",
            "subnet_ids": [],
            "timeouts": null
          },
          "sensitive_attributes": [],
          "private": "eyJlMmJmYjczMC1lY2FhLTExZTYtOGY4OC0zNDM2M2JjN2M0YzAiOnsiY3JlYXRlIjo2MDAwMDAwMDAwMCwiZGVsZXRlIjo2MDAwMDAwMDAwMCwidXBkYXRlIjo2MDAwMDAwMDAwMH19"
        }
      ]
    },
    {
      "mode": "managed",
      "type": "yandex_vpc_route_table",
      "name": "route_table",
      "provider": "provider[\"registry.terraform.io/yandex-cloud/yandex\"]",
      "instances": [
        {
          "schema_version": 0,
          "attributes": {
            "created_at": "2024-10-01T14:50:23Z",
            "description": "",
            "folder_id": "b1gj6ia0559mol9ufg9k",
            "id": "enpau51r6rtcua8frth9",
            "labels": {},
            "name": "route_table",
            "network_id": "enp9blj0up32qal0o51o",
            "static_route": [
              {
                "destination_prefix": "0.0.0.0/0",
                "gateway_id": "enpkq1re6a3ljves6jjg",
                "next_hop_address": ""
              }
            ],
            "timeouts": null
          },
          "sensitive_attributes": [],
          "private": "eyJlMmJmYjczMC1lY2FhLTExZTYtOGY4OC0zNDM2M2JjN2M0YzAiOnsiY3JlYXRlIjoxODAwMDAwMDAwMDAsImRlbGV0ZSI6MTgwMDAwMDAwMDAwLCJ1cGRhdGUiOjE4MDAwMDAwMDAwMH19",
          "dependencies": [
            "yandex_vpc_gateway.natgateway",
            "yandex_vpc_network.web-network"
          ]
        }
      ]
    },
    {
      "mode": "managed",
      "type": "yandex_vpc_security_group",
      "name": "inc_elk",
      "provider": "provider[\"registry.terraform.io/yandex-cloud/yandex\"]",
      "instances": [
        {
          "schema_version": 0,
          "attributes": {
            "created_at": "2024-10-01T14:50:36Z",
            "description": "",
            "egress": [],
            "folder_id": "b1gj6ia0559mol9ufg9k",
            "id": "enpaijss8if2nq92tu0s",
            "ingress": [
              {
                "description": "",
                "from_port": -1,
                "id": "enpsm6qbpvolc3f5uvcr",
                "labels": {},
                "port": 9200,
                "predefined_target": "",
                "protocol": "TCP",
                "security_group_id": "",
                "to_port": -1,
                "v4_cidr_blocks": [
                  "192.168.0.0/16"
                ],
                "v6_cidr_blocks": []
              }
            ],
            "labels": {},
            "name": "inc_elk",
            "network_id": "enp9blj0up32qal0o51o",
            "status": "ACTIVE",
            "timeouts": null
          },
          "sensitive_attributes": [],
          "private": "eyJlMmJmYjczMC1lY2FhLTExZTYtOGY4OC0zNDM2M2JjN2M0YzAiOnsiY3JlYXRlIjoxODAwMDAwMDAwMDAsImRlbGV0ZSI6MTgwMDAwMDAwMDAwLCJ1cGRhdGUiOjE4MDAwMDAwMDAwMH19",
          "dependencies": [
            "yandex_vpc_network.web-network"
          ]
        }
      ]
    },
    {
      "mode": "managed",
      "type": "yandex_vpc_security_group",
      "name": "inc_http",
      "provider": "provider[\"registry.terraform.io/yandex-cloud/yandex\"]",
      "instances": [
        {
          "schema_version": 0,
          "attributes": {
            "created_at": "2024-10-01T14:50:26Z",
            "description": "",
            "egress": [],
            "folder_id": "b1gj6ia0559mol9ufg9k",
            "id": "enpoec7b51ltaq3j16c6",
            "ingress": [
              {
                "description": "",
                "from_port": -1,
                "id": "enpju7buggiehqqcikti",
                "labels": {},
                "port": 80,
                "predefined_target": "",
                "protocol": "TCP",
                "security_group_id": "",
                "to_port": -1,
                "v4_cidr_blocks": [
                  "0.0.0.0/0"
                ],
                "v6_cidr_blocks": []
              }
            ],
            "labels": {},
            "name": "inc_http",
            "network_id": "enp9blj0up32qal0o51o",
            "status": "ACTIVE",
            "timeouts": null
          },
          "sensitive_attributes": [],
          "private": "eyJlMmJmYjczMC1lY2FhLTExZTYtOGY4OC0zNDM2M2JjN2M0YzAiOnsiY3JlYXRlIjoxODAwMDAwMDAwMDAsImRlbGV0ZSI6MTgwMDAwMDAwMDAwLCJ1cGRhdGUiOjE4MDAwMDAwMDAwMH19",
          "dependencies": [
            "yandex_vpc_network.web-network"
          ]
        }
      ]
    },
    {
      "mode": "managed",
      "type": "yandex_vpc_security_group",
      "name": "inc_kibana",
      "provider": "provider[\"registry.terraform.io/yandex-cloud/yandex\"]",
      "instances": [
        {
          "schema_version": 0,
          "attributes": {
            "created_at": "2024-10-01T14:50:25Z",
            "description": "",
            "egress": [],
            "folder_id": "b1gj6ia0559mol9ufg9k",
            "id": "enp14g34g9entsf85mbt",
            "ingress": [
              {
                "description": "",
                "from_port": -1,
                "id": "enpvdfggqetagubv7r5e",
                "labels": {},
                "port": 5601,
                "predefined_target": "",
                "protocol": "TCP",
                "security_group_id": "",
                "to_port": -1,
                "v4_cidr_blocks": [
                  "0.0.0.0/0"
                ],
                "v6_cidr_blocks": []
              }
            ],
            "labels": {},
            "name": "inc_kibana",
            "network_id": "enp9blj0up32qal0o51o",
            "status": "ACTIVE",
            "timeouts": null
          },
          "sensitive_attributes": [],
          "private": "eyJlMmJmYjczMC1lY2FhLTExZTYtOGY4OC0zNDM2M2JjN2M0YzAiOnsiY3JlYXRlIjoxODAwMDAwMDAwMDAsImRlbGV0ZSI6MTgwMDAwMDAwMDAwLCJ1cGRhdGUiOjE4MDAwMDAwMDAwMH19",
          "dependencies": [
            "yandex_vpc_network.web-network"
          ]
        }
      ]
    },
    {
      "mode": "managed",
      "type": "yandex_vpc_security_group",
      "name": "inc_ssh",
      "provider": "provider[\"registry.terraform.io/yandex-cloud/yandex\"]",
      "instances": [
        {
          "schema_version": 0,
          "attributes": {
            "created_at": "2024-10-01T14:50:29Z",
            "description": "",
            "egress": [],
            "folder_id": "b1gj6ia0559mol9ufg9k",
            "id": "enpjd4u6p1ofue7nqv1n",
            "ingress": [
              {
                "description": "",
                "from_port": -1,
                "id": "enp6vtom9rja4qv9mm5k",
                "labels": {},
                "port": 22,
                "predefined_target": "",
                "protocol": "TCP",
                "security_group_id": "",
                "to_port": -1,
                "v4_cidr_blocks": [
                  "192.168.0.0/16"
                ],
                "v6_cidr_blocks": []
              }
            ],
            "labels": {},
            "name": "inc_ssh",
            "network_id": "enp9blj0up32qal0o51o",
            "status": "ACTIVE",
            "timeouts": null
          },
          "sensitive_attributes": [],
          "private": "eyJlMmJmYjczMC1lY2FhLTExZTYtOGY4OC0zNDM2M2JjN2M0YzAiOnsiY3JlYXRlIjoxODAwMDAwMDAwMDAsImRlbGV0ZSI6MTgwMDAwMDAwMDAwLCJ1cGRhdGUiOjE4MDAwMDAwMDAwMH19",
          "dependencies": [
            "yandex_vpc_network.web-network"
          ]
        }
      ]
    },
    {
      "mode": "managed",
      "type": "yandex_vpc_security_group",
      "name": "inc_ssh_global",
      "provider": "provider[\"registry.terraform.io/yandex-cloud/yandex\"]",
      "instances": [
        {
          "schema_version": 0,
          "attributes": {
            "created_at": "2024-10-01T14:50:33Z",
            "description": "",
            "egress": [],
            "folder_id": "b1gj6ia0559mol9ufg9k",
            "id": "enp9kc4mi60nijj00n2p",
            "ingress": [
              {
                "description": "",
                "from_port": -1,
                "id": "enp1mriggcsg6d3hen9v",
                "labels": {},
                "port": 22,
                "predefined_target": "",
                "protocol": "TCP",
                "security_group_id": "",
                "to_port": -1,
                "v4_cidr_blocks": [
                  "0.0.0.0/0"
                ],
                "v6_cidr_blocks": []
              }
            ],
            "labels": {},
            "name": "inc_ssh_global",
            "network_id": "enp9blj0up32qal0o51o",
            "status": "ACTIVE",
            "timeouts": null
          },
          "sensitive_attributes": [],
          "private": "eyJlMmJmYjczMC1lY2FhLTExZTYtOGY4OC0zNDM2M2JjN2M0YzAiOnsiY3JlYXRlIjoxODAwMDAwMDAwMDAsImRlbGV0ZSI6MTgwMDAwMDAwMDAwLCJ1cGRhdGUiOjE4MDAwMDAwMDAwMH19",
          "dependencies": [
            "yandex_vpc_network.web-network"
          ]
        }
      ]
    },
    {
      "mode": "managed",
      "type": "yandex_vpc_security_group",
      "name": "inc_zbxagent",
      "provider": "provider[\"registry.terraform.io/yandex-cloud/yandex\"]",
      "instances": [
        {
          "schema_version": 0,
          "attributes": {
            "created_at": "2024-10-01T14:50:28Z",
            "description": "",
            "egress": [],
            "folder_id": "b1gj6ia0559mol9ufg9k",
            "id": "enpt3e6pd28l50ad9jtl",
            "ingress": [
              {
                "description": "",
                "from_port": -1,
                "id": "enph88sa1e0lf2v4oq0d",
                "labels": {},
                "port": 10050,
                "predefined_target": "",
                "protocol": "TCP",
                "security_group_id": "",
                "to_port": -1,
                "v4_cidr_blocks": [
                  "192.168.0.0/16"
                ],
                "v6_cidr_blocks": []
              }
            ],
            "labels": {},
            "name": "inc_zbxagent",
            "network_id": "enp9blj0up32qal0o51o",
            "status": "ACTIVE",
            "timeouts": null
          },
          "sensitive_attributes": [],
          "private": "eyJlMmJmYjczMC1lY2FhLTExZTYtOGY4OC0zNDM2M2JjN2M0YzAiOnsiY3JlYXRlIjoxODAwMDAwMDAwMDAsImRlbGV0ZSI6MTgwMDAwMDAwMDAwLCJ1cGRhdGUiOjE4MDAwMDAwMDAwMH19",
          "dependencies": [
            "yandex_vpc_network.web-network"
          ]
        }
      ]
    },
    {
      "mode": "managed",
      "type": "yandex_vpc_security_group",
      "name": "out_all",
      "provider": "provider[\"registry.terraform.io/yandex-cloud/yandex\"]",
      "instances": [
        {
          "schema_version": 0,
          "attributes": {
            "created_at": "2024-10-01T14:50:31Z",
            "description": "",
            "egress": [
              {
                "description": "",
                "from_port": -1,
                "id": "enpndmmkkhga96vc624s",
                "labels": {},
                "port": -1,
                "predefined_target": "",
                "protocol": "ANY",
                "security_group_id": "",
                "to_port": -1,
                "v4_cidr_blocks": [
                  "0.0.0.0/0"
                ],
                "v6_cidr_blocks": []
              }
            ],
            "folder_id": "b1gj6ia0559mol9ufg9k",
            "id": "enpg6enlhcqe6ag8n9qi",
            "ingress": [],
            "labels": {},
            "name": "out_all",
            "network_id": "enp9blj0up32qal0o51o",
            "status": "ACTIVE",
            "timeouts": null
          },
          "sensitive_attributes": [],
          "private": "eyJlMmJmYjczMC1lY2FhLTExZTYtOGY4OC0zNDM2M2JjN2M0YzAiOnsiY3JlYXRlIjoxODAwMDAwMDAwMDAsImRlbGV0ZSI6MTgwMDAwMDAwMDAwLCJ1cGRhdGUiOjE4MDAwMDAwMDAwMH19",
          "dependencies": [
            "yandex_vpc_network.web-network"
          ]
        }
      ]
    },
    {
      "mode": "managed",
      "type": "yandex_vpc_subnet",
      "name": "web-sub-a",
      "provider": "provider[\"registry.terraform.io/yandex-cloud/yandex\"]",
      "instances": [
        {
          "schema_version": 0,
          "attributes": {
            "created_at": "2024-10-01T14:50:25Z",
            "description": "",
            "dhcp_options": [],
            "folder_id": "b1gj6ia0559mol9ufg9k",
            "id": "e9b753jagmcaqj0qqo20",
            "labels": {},
            "name": "web-sub-a",
            "network_id": "enp9blj0up32qal0o51o",
            "route_table_id": "enpau51r6rtcua8frth9",
            "timeouts": null,
            "v4_cidr_blocks": [
              "192.168.253.0/24"
            ],
            "v6_cidr_blocks": [],
            "zone": "ru-central1-a"
          },
          "sensitive_attributes": [],
          "private": "eyJlMmJmYjczMC1lY2FhLTExZTYtOGY4OC0zNDM2M2JjN2M0YzAiOnsiY3JlYXRlIjoxODAwMDAwMDAwMDAsImRlbGV0ZSI6MTgwMDAwMDAwMDAwLCJ1cGRhdGUiOjE4MDAwMDAwMDAwMH19",
          "dependencies": [
            "yandex_vpc_gateway.natgateway",
            "yandex_vpc_network.web-network",
            "yandex_vpc_route_table.route_table"
          ]
        }
      ]
    },
    {
      "mode": "managed",
      "type": "yandex_vpc_subnet",
      "name": "web-sub-b",
      "provider": "provider[\"registry.terraform.io/yandex-cloud/yandex\"]",
      "instances": [
        {
          "schema_version": 0,
          "attributes": {
            "created_at": "2024-10-01T14:50:25Z",
            "description": "",
            "dhcp_options": [],
            "folder_id": "b1gj6ia0559mol9ufg9k",
            "id": "e2ld6q8j6gj2lct4i1ta",
            "labels": {},
            "name": "web-sub-b",
            "network_id": "enp9blj0up32qal0o51o",
            "route_table_id": "enpau51r6rtcua8frth9",
            "timeouts": null,
            "v4_cidr_blocks": [
              "192.168.254.0/24"
            ],
            "v6_cidr_blocks": [],
            "zone": "ru-central1-b"
          },
          "sensitive_attributes": [],
          "private": "eyJlMmJmYjczMC1lY2FhLTExZTYtOGY4OC0zNDM2M2JjN2M0YzAiOnsiY3JlYXRlIjoxODAwMDAwMDAwMDAsImRlbGV0ZSI6MTgwMDAwMDAwMDAwLCJ1cGRhdGUiOjE4MDAwMDAwMDAwMH19",
          "dependencies": [
            "yandex_vpc_gateway.natgateway",
            "yandex_vpc_network.web-network",
            "yandex_vpc_route_table.route_table"
          ]
        }
      ]
    }
  ],
  "check_results": null
}
